// !$*UTF8*$!
{
	archiveVersion = 1;
	classes = {
	};
	objectVersion = 46;
	objects = {

/* Begin PBXBuildFile section */
		D00E598B1AF3FFA3000DAF8A /* Committed.swift in Sources */ = {isa = PBXBuildFile; fileRef = D00E59891AF3FFA3000DAF8A /* Committed.swift */; };
		D00E598C1AF3FFA3000DAF8A /* Editor.swift in Sources */ = {isa = PBXBuildFile; fileRef = D00E598A1AF3FFA3000DAF8A /* Editor.swift */; };
		D00E59901AF404E5000DAF8A /* EditablePropertySpec.swift in Sources */ = {isa = PBXBuildFile; fileRef = D00E598F1AF404E5000DAF8A /* EditablePropertySpec.swift */; };
		D00E59921AF406E3000DAF8A /* Quick.framework in Copy Frameworks */ = {isa = PBXBuildFile; fileRef = D03A80EC1AF36C140047F5AE /* Quick.framework */; settings = {ATTRIBUTES = (CodeSignOnCopy, RemoveHeadersOnCopy, ); }; };
		D00E59931AF406E4000DAF8A /* Nimble.framework in Copy Frameworks */ = {isa = PBXBuildFile; fileRef = D03A80EB1AF36C140047F5AE /* Nimble.framework */; settings = {ATTRIBUTES = (CodeSignOnCopy, RemoveHeadersOnCopy, ); }; };
		D03A80AB1AF36BD70047F5AE /* EditableProperty.h in Headers */ = {isa = PBXBuildFile; fileRef = D03A80AA1AF36BD70047F5AE /* EditableProperty.h */; settings = {ATTRIBUTES = (Public, ); }; };
		D03A80B11AF36BD70047F5AE /* EditableProperty.framework in Frameworks */ = {isa = PBXBuildFile; fileRef = D03A80A51AF36BD70047F5AE /* EditableProperty.framework */; };
		D03A80C21AF36BF10047F5AE /* EditableProperty.swift in Sources */ = {isa = PBXBuildFile; fileRef = D03A80C11AF36BF10047F5AE /* EditableProperty.swift */; };
		D03A80ED1AF36C140047F5AE /* Nimble.framework in Frameworks */ = {isa = PBXBuildFile; fileRef = D03A80EB1AF36C140047F5AE /* Nimble.framework */; };
		D03A80EE1AF36C140047F5AE /* Quick.framework in Frameworks */ = {isa = PBXBuildFile; fileRef = D03A80EC1AF36C140047F5AE /* Quick.framework */; };
		D8D608991B2FC9D00068D35B /* Result.framework in Frameworks */ = {isa = PBXBuildFile; fileRef = D8D608971B2FC9D00068D35B /* Result.framework */; };
		D8D6089B1B2FCA060068D35B /* ReactiveCocoa.framework in Frameworks */ = {isa = PBXBuildFile; fileRef = D8D6089A1B2FCA060068D35B /* ReactiveCocoa.framework */; };
		D8D6089D1B2FCA710068D35B /* ReactiveCocoa.framework in Copy Frameworks */ = {isa = PBXBuildFile; fileRef = D8D6089A1B2FCA060068D35B /* ReactiveCocoa.framework */; settings = {ATTRIBUTES = (CodeSignOnCopy, RemoveHeadersOnCopy, ); }; };
		D8D6089E1B2FCA710068D35B /* Result.framework in Copy Frameworks */ = {isa = PBXBuildFile; fileRef = D8D608971B2FC9D00068D35B /* Result.framework */; settings = {ATTRIBUTES = (CodeSignOnCopy, RemoveHeadersOnCopy, ); }; };
		D8D608AF1B2FCB7F0068D35B /* EditableProperty.framework in Frameworks */ = {isa = PBXBuildFile; fileRef = D8D608A41B2FCB7E0068D35B /* EditableProperty.framework */; };
		D8D608C51B2FCC510068D35B /* ReactiveCocoa.framework in Frameworks */ = {isa = PBXBuildFile; fileRef = D8D608C21B2FCC510068D35B /* ReactiveCocoa.framework */; };
		D8D608C61B2FCC510068D35B /* Result.framework in Frameworks */ = {isa = PBXBuildFile; fileRef = D8D608C31B2FCC510068D35B /* Result.framework */; };
		D8D608C91B2FCCDF0068D35B /* EditableProperty.h in Headers */ = {isa = PBXBuildFile; fileRef = D03A80AA1AF36BD70047F5AE /* EditableProperty.h */; settings = {ATTRIBUTES = (Public, ); }; };
		D8D608CA1B2FCCE50068D35B /* Committed.swift in Sources */ = {isa = PBXBuildFile; fileRef = D00E59891AF3FFA3000DAF8A /* Committed.swift */; };
		D8D608CB1B2FCCE50068D35B /* Editor.swift in Sources */ = {isa = PBXBuildFile; fileRef = D00E598A1AF3FFA3000DAF8A /* Editor.swift */; };
		D8D608CC1B2FCCE50068D35B /* EditableProperty.swift in Sources */ = {isa = PBXBuildFile; fileRef = D03A80C11AF36BF10047F5AE /* EditableProperty.swift */; };
		D8D608CE1B2FCCF80068D35B /* ReactiveCocoa.framework in Frameworks */ = {isa = PBXBuildFile; fileRef = D8D608C21B2FCC510068D35B /* ReactiveCocoa.framework */; };
		D8D608CF1B2FCCF80068D35B /* Result.framework in Frameworks */ = {isa = PBXBuildFile; fileRef = D8D608C31B2FCC510068D35B /* Result.framework */; };
		D8D608D01B2FCD020068D35B /* EditablePropertySpec.swift in Sources */ = {isa = PBXBuildFile; fileRef = D00E598F1AF404E5000DAF8A /* EditablePropertySpec.swift */; };
		D8D608D41B2FCD3B0068D35B /* Nimble.framework in Frameworks */ = {isa = PBXBuildFile; fileRef = D8D608D21B2FCD3B0068D35B /* Nimble.framework */; };
		D8D608D51B2FCD3B0068D35B /* Quick.framework in Frameworks */ = {isa = PBXBuildFile; fileRef = D8D608D31B2FCD3B0068D35B /* Quick.framework */; };
		D8D608D91B2FCDA90068D35B /* ReactiveCocoa.framework in CopyFiles */ = {isa = PBXBuildFile; fileRef = D8D608C21B2FCC510068D35B /* ReactiveCocoa.framework */; settings = {ATTRIBUTES = (CodeSignOnCopy, RemoveHeadersOnCopy, ); }; };
		D8D608DA1B2FCDA90068D35B /* Result.framework in CopyFiles */ = {isa = PBXBuildFile; fileRef = D8D608C31B2FCC510068D35B /* Result.framework */; settings = {ATTRIBUTES = (CodeSignOnCopy, RemoveHeadersOnCopy, ); }; };
		D8D608DB1B2FCDA90068D35B /* Nimble.framework in CopyFiles */ = {isa = PBXBuildFile; fileRef = D8D608D21B2FCD3B0068D35B /* Nimble.framework */; settings = {ATTRIBUTES = (CodeSignOnCopy, RemoveHeadersOnCopy, ); }; };
		D8D608DC1B2FCDA90068D35B /* Quick.framework in CopyFiles */ = {isa = PBXBuildFile; fileRef = D8D608D31B2FCD3B0068D35B /* Quick.framework */; settings = {ATTRIBUTES = (CodeSignOnCopy, RemoveHeadersOnCopy, ); }; };
/* End PBXBuildFile section */

/* Begin PBXContainerItemProxy section */
		D03A80B21AF36BD70047F5AE /* PBXContainerItemProxy */ = {
			isa = PBXContainerItemProxy;
			containerPortal = D03A809C1AF36BD70047F5AE /* Project object */;
			proxyType = 1;
			remoteGlobalIDString = D03A80A41AF36BD70047F5AE;
			remoteInfo = EditableProperty;
		};
		D8D608B01B2FCB7F0068D35B /* PBXContainerItemProxy */ = {
			isa = PBXContainerItemProxy;
			containerPortal = D03A809C1AF36BD70047F5AE /* Project object */;
			proxyType = 1;
			remoteGlobalIDString = D8D608A31B2FCB7E0068D35B;
			remoteInfo = "EditableProperty-iOS";
		};
/* End PBXContainerItemProxy section */

/* Begin PBXCopyFilesBuildPhase section */
		D00E59911AF406DA000DAF8A /* Copy Frameworks */ = {
			isa = PBXCopyFilesBuildPhase;
			buildActionMask = 2147483647;
			dstPath = "";
			dstSubfolderSpec = 10;
			files = (
				D8D6089D1B2FCA710068D35B /* ReactiveCocoa.framework in Copy Frameworks */,
				D8D6089E1B2FCA710068D35B /* Result.framework in Copy Frameworks */,
				D00E59921AF406E3000DAF8A /* Quick.framework in Copy Frameworks */,
				D00E59931AF406E4000DAF8A /* Nimble.framework in Copy Frameworks */,
			);
			name = "Copy Frameworks";
			runOnlyForDeploymentPostprocessing = 0;
		};
		D8D608D71B2FCD910068D35B /* CopyFiles */ = {
			isa = PBXCopyFilesBuildPhase;
			buildActionMask = 2147483647;
			dstPath = "";
			dstSubfolderSpec = 10;
			files = (
				D8D608D91B2FCDA90068D35B /* ReactiveCocoa.framework in CopyFiles */,
				D8D608DA1B2FCDA90068D35B /* Result.framework in CopyFiles */,
				D8D608DB1B2FCDA90068D35B /* Nimble.framework in CopyFiles */,
				D8D608DC1B2FCDA90068D35B /* Quick.framework in CopyFiles */,
			);
			runOnlyForDeploymentPostprocessing = 0;
		};
/* End PBXCopyFilesBuildPhase section */

/* Begin PBXFileReference section */
		D00E59891AF3FFA3000DAF8A /* Committed.swift */ = {isa = PBXFileReference; fileEncoding = 4; lastKnownFileType = sourcecode.swift; path = Committed.swift; sourceTree = "<group>"; usesTabs = 1; };
		D00E598A1AF3FFA3000DAF8A /* Editor.swift */ = {isa = PBXFileReference; fileEncoding = 4; lastKnownFileType = sourcecode.swift; path = Editor.swift; sourceTree = "<group>"; };
		D00E598F1AF404E5000DAF8A /* EditablePropertySpec.swift */ = {isa = PBXFileReference; fileEncoding = 4; lastKnownFileType = sourcecode.swift; path = EditablePropertySpec.swift; sourceTree = "<group>"; };
		D03A80A51AF36BD70047F5AE /* EditableProperty.framework */ = {isa = PBXFileReference; explicitFileType = wrapper.framework; includeInIndex = 0; path = EditableProperty.framework; sourceTree = BUILT_PRODUCTS_DIR; };
		D03A80A91AF36BD70047F5AE /* Info.plist */ = {isa = PBXFileReference; lastKnownFileType = text.plist.xml; path = Info.plist; sourceTree = "<group>"; };
		D03A80AA1AF36BD70047F5AE /* EditableProperty.h */ = {isa = PBXFileReference; lastKnownFileType = sourcecode.c.h; path = EditableProperty.h; sourceTree = "<group>"; };
		D03A80B01AF36BD70047F5AE /* EditablePropertyTests-Mac.xctest */ = {isa = PBXFileReference; explicitFileType = wrapper.cfbundle; includeInIndex = 0; path = "EditablePropertyTests-Mac.xctest"; sourceTree = BUILT_PRODUCTS_DIR; };
		D03A80B61AF36BD70047F5AE /* Info.plist */ = {isa = PBXFileReference; lastKnownFileType = text.plist.xml; path = Info.plist; sourceTree = "<group>"; };
		D03A80C11AF36BF10047F5AE /* EditableProperty.swift */ = {isa = PBXFileReference; fileEncoding = 4; lastKnownFileType = sourcecode.swift; path = EditableProperty.swift; sourceTree = "<group>"; usesTabs = 1; };
		D03A80C51AF36BFC0047F5AE /* Common.xcconfig */ = {isa = PBXFileReference; lastKnownFileType = text.xcconfig; path = Common.xcconfig; sourceTree = "<group>"; };
		D03A80C71AF36BFC0047F5AE /* Debug.xcconfig */ = {isa = PBXFileReference; lastKnownFileType = text.xcconfig; path = Debug.xcconfig; sourceTree = "<group>"; };
		D03A80C81AF36BFC0047F5AE /* Profile.xcconfig */ = {isa = PBXFileReference; lastKnownFileType = text.xcconfig; path = Profile.xcconfig; sourceTree = "<group>"; };
		D03A80C91AF36BFC0047F5AE /* Release.xcconfig */ = {isa = PBXFileReference; lastKnownFileType = text.xcconfig; path = Release.xcconfig; sourceTree = "<group>"; };
		D03A80CA1AF36BFC0047F5AE /* Test.xcconfig */ = {isa = PBXFileReference; lastKnownFileType = text.xcconfig; path = Test.xcconfig; sourceTree = "<group>"; };
		D03A80CC1AF36BFC0047F5AE /* Application.xcconfig */ = {isa = PBXFileReference; lastKnownFileType = text.xcconfig; path = Application.xcconfig; sourceTree = "<group>"; };
		D03A80CD1AF36BFC0047F5AE /* Framework.xcconfig */ = {isa = PBXFileReference; lastKnownFileType = text.xcconfig; path = Framework.xcconfig; sourceTree = "<group>"; };
		D03A80CE1AF36BFC0047F5AE /* StaticLibrary.xcconfig */ = {isa = PBXFileReference; lastKnownFileType = text.xcconfig; path = StaticLibrary.xcconfig; sourceTree = "<group>"; };
		D03A80D21AF36BFC0047F5AE /* LlamaKit.framework */ = {isa = PBXFileReference; lastKnownFileType = wrapper.framework; path = LlamaKit.framework; sourceTree = "<group>"; };
		D03A80D31AF36BFC0047F5AE /* Nimble.framework */ = {isa = PBXFileReference; lastKnownFileType = wrapper.framework; path = Nimble.framework; sourceTree = "<group>"; };
		D03A80D41AF36BFC0047F5AE /* Quick.framework */ = {isa = PBXFileReference; lastKnownFileType = wrapper.framework; path = Quick.framework; sourceTree = "<group>"; };
		D03A80D51AF36BFC0047F5AE /* ReactiveCocoa.framework */ = {isa = PBXFileReference; lastKnownFileType = wrapper.framework; path = ReactiveCocoa.framework; sourceTree = "<group>"; };
		D03A80D71AF36BFC0047F5AE /* LlamaKit.framework */ = {isa = PBXFileReference; lastKnownFileType = wrapper.framework; path = LlamaKit.framework; sourceTree = "<group>"; };
		D03A80D81AF36BFC0047F5AE /* Nimble.framework */ = {isa = PBXFileReference; lastKnownFileType = wrapper.framework; path = Nimble.framework; sourceTree = "<group>"; };
		D03A80D91AF36BFC0047F5AE /* Quick.framework */ = {isa = PBXFileReference; lastKnownFileType = wrapper.framework; path = Quick.framework; sourceTree = "<group>"; };
		D03A80DA1AF36BFC0047F5AE /* ReactiveCocoa.framework */ = {isa = PBXFileReference; lastKnownFileType = wrapper.framework; path = ReactiveCocoa.framework; sourceTree = "<group>"; };
		D03A80DC1AF36BFC0047F5AE /* iOS-Application.xcconfig */ = {isa = PBXFileReference; lastKnownFileType = text.xcconfig; path = "iOS-Application.xcconfig"; sourceTree = "<group>"; };
		D03A80DD1AF36BFC0047F5AE /* iOS-Base.xcconfig */ = {isa = PBXFileReference; lastKnownFileType = text.xcconfig; path = "iOS-Base.xcconfig"; sourceTree = "<group>"; };
		D03A80DE1AF36BFC0047F5AE /* iOS-Framework.xcconfig */ = {isa = PBXFileReference; lastKnownFileType = text.xcconfig; path = "iOS-Framework.xcconfig"; sourceTree = "<group>"; };
		D03A80DF1AF36BFC0047F5AE /* iOS-StaticLibrary.xcconfig */ = {isa = PBXFileReference; lastKnownFileType = text.xcconfig; path = "iOS-StaticLibrary.xcconfig"; sourceTree = "<group>"; };
		D03A80E11AF36BFC0047F5AE /* Mac-Application.xcconfig */ = {isa = PBXFileReference; lastKnownFileType = text.xcconfig; path = "Mac-Application.xcconfig"; sourceTree = "<group>"; };
		D03A80E21AF36BFC0047F5AE /* Mac-Base.xcconfig */ = {isa = PBXFileReference; lastKnownFileType = text.xcconfig; path = "Mac-Base.xcconfig"; sourceTree = "<group>"; };
		D03A80E31AF36BFC0047F5AE /* Mac-DynamicLibrary.xcconfig */ = {isa = PBXFileReference; lastKnownFileType = text.xcconfig; path = "Mac-DynamicLibrary.xcconfig"; sourceTree = "<group>"; };
		D03A80E41AF36BFC0047F5AE /* Mac-Framework.xcconfig */ = {isa = PBXFileReference; lastKnownFileType = text.xcconfig; path = "Mac-Framework.xcconfig"; sourceTree = "<group>"; };
		D03A80E51AF36BFC0047F5AE /* Mac-StaticLibrary.xcconfig */ = {isa = PBXFileReference; lastKnownFileType = text.xcconfig; path = "Mac-StaticLibrary.xcconfig"; sourceTree = "<group>"; };
		D03A80E61AF36BFC0047F5AE /* README.md */ = {isa = PBXFileReference; lastKnownFileType = net.daringfireball.markdown; path = README.md; sourceTree = "<group>"; };
		D03A80EB1AF36C140047F5AE /* Nimble.framework */ = {isa = PBXFileReference; lastKnownFileType = wrapper.framework; name = Nimble.framework; path = Carthage/Build/Mac/Nimble.framework; sourceTree = SOURCE_ROOT; };
		D03A80EC1AF36C140047F5AE /* Quick.framework */ = {isa = PBXFileReference; lastKnownFileType = wrapper.framework; name = Quick.framework; path = Carthage/Build/Mac/Quick.framework; sourceTree = SOURCE_ROOT; };
		D8D608971B2FC9D00068D35B /* Result.framework */ = {isa = PBXFileReference; lastKnownFileType = wrapper.framework; name = Result.framework; path = Carthage/Build/Mac/Result.framework; sourceTree = SOURCE_ROOT; };
		D8D6089A1B2FCA060068D35B /* ReactiveCocoa.framework */ = {isa = PBXFileReference; lastKnownFileType = wrapper.framework; name = ReactiveCocoa.framework; path = Carthage/Build/Mac/ReactiveCocoa.framework; sourceTree = SOURCE_ROOT; };
		D8D608A41B2FCB7E0068D35B /* EditableProperty.framework */ = {isa = PBXFileReference; explicitFileType = wrapper.framework; includeInIndex = 0; path = EditableProperty.framework; sourceTree = BUILT_PRODUCTS_DIR; };
		D8D608AE1B2FCB7F0068D35B /* EditablePropertyTests-iOS.xctest */ = {isa = PBXFileReference; explicitFileType = wrapper.cfbundle; includeInIndex = 0; path = "EditablePropertyTests-iOS.xctest"; sourceTree = BUILT_PRODUCTS_DIR; };
		D8D608C21B2FCC510068D35B /* ReactiveCocoa.framework */ = {isa = PBXFileReference; lastKnownFileType = wrapper.framework; name = ReactiveCocoa.framework; path = Carthage/Build/iOS/ReactiveCocoa.framework; sourceTree = SOURCE_ROOT; };
		D8D608C31B2FCC510068D35B /* Result.framework */ = {isa = PBXFileReference; lastKnownFileType = wrapper.framework; name = Result.framework; path = Carthage/Build/iOS/Result.framework; sourceTree = SOURCE_ROOT; };
		D8D608D21B2FCD3B0068D35B /* Nimble.framework */ = {isa = PBXFileReference; lastKnownFileType = wrapper.framework; name = Nimble.framework; path = Carthage/Build/iOS/Nimble.framework; sourceTree = SOURCE_ROOT; };
		D8D608D31B2FCD3B0068D35B /* Quick.framework */ = {isa = PBXFileReference; lastKnownFileType = wrapper.framework; name = Quick.framework; path = Carthage/Build/iOS/Quick.framework; sourceTree = SOURCE_ROOT; };
/* End PBXFileReference section */

/* Begin PBXFrameworksBuildPhase section */
		D03A80A11AF36BD70047F5AE /* Frameworks */ = {
			isa = PBXFrameworksBuildPhase;
			buildActionMask = 2147483647;
			files = (
				D8D6089B1B2FCA060068D35B /* ReactiveCocoa.framework in Frameworks */,
				D8D608991B2FC9D00068D35B /* Result.framework in Frameworks */,
			);
			runOnlyForDeploymentPostprocessing = 0;
		};
		D03A80AD1AF36BD70047F5AE /* Frameworks */ = {
			isa = PBXFrameworksBuildPhase;
			buildActionMask = 2147483647;
			files = (
				D03A80B11AF36BD70047F5AE /* EditableProperty.framework in Frameworks */,
				D03A80ED1AF36C140047F5AE /* Nimble.framework in Frameworks */,
				D03A80EE1AF36C140047F5AE /* Quick.framework in Frameworks */,
			);
			runOnlyForDeploymentPostprocessing = 0;
		};
		D8D608A01B2FCB7E0068D35B /* Frameworks */ = {
			isa = PBXFrameworksBuildPhase;
			buildActionMask = 2147483647;
			files = (
				D8D608C51B2FCC510068D35B /* ReactiveCocoa.framework in Frameworks */,
				D8D608C61B2FCC510068D35B /* Result.framework in Frameworks */,
			);
			runOnlyForDeploymentPostprocessing = 0;
		};
		D8D608AB1B2FCB7F0068D35B /* Frameworks */ = {
			isa = PBXFrameworksBuildPhase;
			buildActionMask = 2147483647;
			files = (
				D8D608D41B2FCD3B0068D35B /* Nimble.framework in Frameworks */,
				D8D608D51B2FCD3B0068D35B /* Quick.framework in Frameworks */,
				D8D608CE1B2FCCF80068D35B /* ReactiveCocoa.framework in Frameworks */,
				D8D608AF1B2FCB7F0068D35B /* EditableProperty.framework in Frameworks */,
				D8D608CF1B2FCCF80068D35B /* Result.framework in Frameworks */,
			);
			runOnlyForDeploymentPostprocessing = 0;
		};
/* End PBXFrameworksBuildPhase section */

/* Begin PBXGroup section */
		D00E598D1AF404B4000DAF8A /* API */ = {
			isa = PBXGroup;
			children = (
				D00E59891AF3FFA3000DAF8A /* Committed.swift */,
				D00E598A1AF3FFA3000DAF8A /* Editor.swift */,
				D03A80C11AF36BF10047F5AE /* EditableProperty.swift */,
			);
			name = API;
			sourceTree = "<group>";
		};
		D00E598E1AF404C6000DAF8A /* Specs */ = {
			isa = PBXGroup;
			children = (
				D00E598F1AF404E5000DAF8A /* EditablePropertySpec.swift */,
			);
			name = Specs;
			sourceTree = "<group>";
		};
		D03A809B1AF36BD70047F5AE = {
			isa = PBXGroup;
			children = (
				D03A80A71AF36BD70047F5AE /* EditableProperty */,
				D03A80B41AF36BD70047F5AE /* EditablePropertyTests */,
				D03A80C31AF36BFC0047F5AE /* Configuration */,
				D03A80A61AF36BD70047F5AE /* Products */,
			);
			sourceTree = "<group>";
		};
		D03A80A61AF36BD70047F5AE /* Products */ = {
			isa = PBXGroup;
			children = (
				D03A80A51AF36BD70047F5AE /* EditableProperty.framework */,
				D03A80B01AF36BD70047F5AE /* EditablePropertyTests-Mac.xctest */,
				D8D608A41B2FCB7E0068D35B /* EditableProperty.framework */,
				D8D608AE1B2FCB7F0068D35B /* EditablePropertyTests-iOS.xctest */,
			);
			name = Products;
			sourceTree = "<group>";
		};
		D03A80A71AF36BD70047F5AE /* EditableProperty */ = {
			isa = PBXGroup;
			children = (
				D03A80AA1AF36BD70047F5AE /* EditableProperty.h */,
				D00E598D1AF404B4000DAF8A /* API */,
				D03A80A81AF36BD70047F5AE /* Supporting Files */,
			);
			path = EditableProperty;
			sourceTree = "<group>";
		};
		D03A80A81AF36BD70047F5AE /* Supporting Files */ = {
			isa = PBXGroup;
			children = (
				D03A80A91AF36BD70047F5AE /* Info.plist */,
				D8D608C81B2FCC740068D35B /* iOS */,
				D8D608C71B2FCC5A0068D35B /* Mac */,
			);
			name = "Supporting Files";
			sourceTree = "<group>";
		};
		D03A80B41AF36BD70047F5AE /* EditablePropertyTests */ = {
			isa = PBXGroup;
			children = (
				D00E598E1AF404C6000DAF8A /* Specs */,
				D03A80B51AF36BD70047F5AE /* Supporting Files */,
			);
			path = EditablePropertyTests;
			sourceTree = "<group>";
		};
		D03A80B51AF36BD70047F5AE /* Supporting Files */ = {
			isa = PBXGroup;
			children = (
				D03A80B61AF36BD70047F5AE /* Info.plist */,
				D8D608D61B2FCD400068D35B /* iOS */,
				D8D608D11B2FCD160068D35B /* Mac */,
			);
			name = "Supporting Files";
			sourceTree = "<group>";
		};
		D03A80C31AF36BFC0047F5AE /* Configuration */ = {
			isa = PBXGroup;
			children = (
				D03A80C41AF36BFC0047F5AE /* Base */,
				D03A80CF1AF36BFC0047F5AE /* Carthage */,
				D03A80DB1AF36BFC0047F5AE /* iOS */,
				D03A80E01AF36BFC0047F5AE /* Mac OS X */,
				D03A80E61AF36BFC0047F5AE /* README.md */,
			);
			name = Configuration;
			path = Carthage/Checkouts/xcconfigs;
			sourceTree = "<group>";
		};
		D03A80C41AF36BFC0047F5AE /* Base */ = {
			isa = PBXGroup;
			children = (
				D03A80C51AF36BFC0047F5AE /* Common.xcconfig */,
				D03A80C61AF36BFC0047F5AE /* Configurations */,
				D03A80CB1AF36BFC0047F5AE /* Targets */,
			);
			path = Base;
			sourceTree = "<group>";
		};
		D03A80C61AF36BFC0047F5AE /* Configurations */ = {
			isa = PBXGroup;
			children = (
				D03A80C71AF36BFC0047F5AE /* Debug.xcconfig */,
				D03A80C81AF36BFC0047F5AE /* Profile.xcconfig */,
				D03A80C91AF36BFC0047F5AE /* Release.xcconfig */,
				D03A80CA1AF36BFC0047F5AE /* Test.xcconfig */,
			);
			path = Configurations;
			sourceTree = "<group>";
		};
		D03A80CB1AF36BFC0047F5AE /* Targets */ = {
			isa = PBXGroup;
			children = (
				D03A80CC1AF36BFC0047F5AE /* Application.xcconfig */,
				D03A80CD1AF36BFC0047F5AE /* Framework.xcconfig */,
				D03A80CE1AF36BFC0047F5AE /* StaticLibrary.xcconfig */,
			);
			path = Targets;
			sourceTree = "<group>";
		};
		D03A80CF1AF36BFC0047F5AE /* Carthage */ = {
			isa = PBXGroup;
			children = (
				D03A80D01AF36BFC0047F5AE /* Build */,
			);
			path = Carthage;
			sourceTree = "<group>";
		};
		D03A80D01AF36BFC0047F5AE /* Build */ = {
			isa = PBXGroup;
			children = (
				D03A80D11AF36BFC0047F5AE /* iOS */,
				D03A80D61AF36BFC0047F5AE /* Mac */,
			);
			path = Build;
			sourceTree = "<group>";
		};
		D03A80D11AF36BFC0047F5AE /* iOS */ = {
			isa = PBXGroup;
			children = (
				D03A80D21AF36BFC0047F5AE /* LlamaKit.framework */,
				D03A80D31AF36BFC0047F5AE /* Nimble.framework */,
				D03A80D41AF36BFC0047F5AE /* Quick.framework */,
				D03A80D51AF36BFC0047F5AE /* ReactiveCocoa.framework */,
			);
			path = iOS;
			sourceTree = "<group>";
		};
		D03A80D61AF36BFC0047F5AE /* Mac */ = {
			isa = PBXGroup;
			children = (
				D03A80D71AF36BFC0047F5AE /* LlamaKit.framework */,
				D03A80D81AF36BFC0047F5AE /* Nimble.framework */,
				D03A80D91AF36BFC0047F5AE /* Quick.framework */,
				D03A80DA1AF36BFC0047F5AE /* ReactiveCocoa.framework */,
			);
			path = Mac;
			sourceTree = "<group>";
		};
		D03A80DB1AF36BFC0047F5AE /* iOS */ = {
			isa = PBXGroup;
			children = (
				D03A80DC1AF36BFC0047F5AE /* iOS-Application.xcconfig */,
				D03A80DD1AF36BFC0047F5AE /* iOS-Base.xcconfig */,
				D03A80DE1AF36BFC0047F5AE /* iOS-Framework.xcconfig */,
				D03A80DF1AF36BFC0047F5AE /* iOS-StaticLibrary.xcconfig */,
			);
			path = iOS;
			sourceTree = "<group>";
		};
		D03A80E01AF36BFC0047F5AE /* Mac OS X */ = {
			isa = PBXGroup;
			children = (
				D03A80E11AF36BFC0047F5AE /* Mac-Application.xcconfig */,
				D03A80E21AF36BFC0047F5AE /* Mac-Base.xcconfig */,
				D03A80E31AF36BFC0047F5AE /* Mac-DynamicLibrary.xcconfig */,
				D03A80E41AF36BFC0047F5AE /* Mac-Framework.xcconfig */,
				D03A80E51AF36BFC0047F5AE /* Mac-StaticLibrary.xcconfig */,
			);
			path = "Mac OS X";
			sourceTree = "<group>";
		};
		D8D608C71B2FCC5A0068D35B /* Mac */ = {
			isa = PBXGroup;
			children = (
				D8D6089A1B2FCA060068D35B /* ReactiveCocoa.framework */,
				D8D608971B2FC9D00068D35B /* Result.framework */,
			);
			name = Mac;
			sourceTree = "<group>";
		};
		D8D608C81B2FCC740068D35B /* iOS */ = {
			isa = PBXGroup;
			children = (
				D8D608C21B2FCC510068D35B /* ReactiveCocoa.framework */,
				D8D608C31B2FCC510068D35B /* Result.framework */,
			);
			name = iOS;
			sourceTree = "<group>";
		};
		D8D608D11B2FCD160068D35B /* Mac */ = {
			isa = PBXGroup;
			children = (
				D03A80EB1AF36C140047F5AE /* Nimble.framework */,
				D03A80EC1AF36C140047F5AE /* Quick.framework */,
			);
			name = Mac;
			sourceTree = "<group>";
		};
		D8D608D61B2FCD400068D35B /* iOS */ = {
			isa = PBXGroup;
			children = (
				D8D608D21B2FCD3B0068D35B /* Nimble.framework */,
				D8D608D31B2FCD3B0068D35B /* Quick.framework */,
			);
			name = iOS;
			sourceTree = "<group>";
		};
/* End PBXGroup section */

/* Begin PBXHeadersBuildPhase section */
		D03A80A21AF36BD70047F5AE /* Headers */ = {
			isa = PBXHeadersBuildPhase;
			buildActionMask = 2147483647;
			files = (
				D03A80AB1AF36BD70047F5AE /* EditableProperty.h in Headers */,
			);
			runOnlyForDeploymentPostprocessing = 0;
		};
		D8D608A11B2FCB7E0068D35B /* Headers */ = {
			isa = PBXHeadersBuildPhase;
			buildActionMask = 2147483647;
			files = (
				D8D608C91B2FCCDF0068D35B /* EditableProperty.h in Headers */,
			);
			runOnlyForDeploymentPostprocessing = 0;
		};
/* End PBXHeadersBuildPhase section */

/* Begin PBXNativeTarget section */
		D03A80A41AF36BD70047F5AE /* EditableProperty-Mac */ = {
			isa = PBXNativeTarget;
			buildConfigurationList = D03A80BB1AF36BD70047F5AE /* Build configuration list for PBXNativeTarget "EditableProperty-Mac" */;
			buildPhases = (
				D03A80A01AF36BD70047F5AE /* Sources */,
				D03A80A11AF36BD70047F5AE /* Frameworks */,
				D03A80A21AF36BD70047F5AE /* Headers */,
				D03A80A31AF36BD70047F5AE /* Resources */,
			);
			buildRules = (
			);
			dependencies = (
			);
			name = "EditableProperty-Mac";
			productName = EditableProperty;
			productReference = D03A80A51AF36BD70047F5AE /* EditableProperty.framework */;
			productType = "com.apple.product-type.framework";
		};
		D03A80AF1AF36BD70047F5AE /* EditablePropertyTests-Mac */ = {
			isa = PBXNativeTarget;
			buildConfigurationList = D03A80BE1AF36BD70047F5AE /* Build configuration list for PBXNativeTarget "EditablePropertyTests-Mac" */;
			buildPhases = (
				D03A80AC1AF36BD70047F5AE /* Sources */,
				D03A80AD1AF36BD70047F5AE /* Frameworks */,
				D03A80AE1AF36BD70047F5AE /* Resources */,
				D00E59911AF406DA000DAF8A /* Copy Frameworks */,
			);
			buildRules = (
			);
			dependencies = (
				D03A80B31AF36BD70047F5AE /* PBXTargetDependency */,
			);
			name = "EditablePropertyTests-Mac";
			productName = EditablePropertyTests;
			productReference = D03A80B01AF36BD70047F5AE /* EditablePropertyTests-Mac.xctest */;
			productType = "com.apple.product-type.bundle.unit-test";
		};
		D8D608A31B2FCB7E0068D35B /* EditableProperty-iOS */ = {
			isa = PBXNativeTarget;
			buildConfigurationList = D8D608B71B2FCB7F0068D35B /* Build configuration list for PBXNativeTarget "EditableProperty-iOS" */;
			buildPhases = (
				D8D6089F1B2FCB7E0068D35B /* Sources */,
				D8D608A01B2FCB7E0068D35B /* Frameworks */,
				D8D608A11B2FCB7E0068D35B /* Headers */,
				D8D608A21B2FCB7E0068D35B /* Resources */,
			);
			buildRules = (
			);
			dependencies = (
			);
			name = "EditableProperty-iOS";
			productName = "EditableProperty-iOS";
			productReference = D8D608A41B2FCB7E0068D35B /* EditableProperty.framework */;
			productType = "com.apple.product-type.framework";
		};
		D8D608AD1B2FCB7F0068D35B /* EditablePropertyTests-iOS */ = {
			isa = PBXNativeTarget;
			buildConfigurationList = D8D608BC1B2FCB7F0068D35B /* Build configuration list for PBXNativeTarget "EditablePropertyTests-iOS" */;
			buildPhases = (
				D8D608AA1B2FCB7F0068D35B /* Sources */,
				D8D608AB1B2FCB7F0068D35B /* Frameworks */,
				D8D608AC1B2FCB7F0068D35B /* Resources */,
				D8D608D71B2FCD910068D35B /* CopyFiles */,
			);
			buildRules = (
			);
			dependencies = (
				D8D608B11B2FCB7F0068D35B /* PBXTargetDependency */,
			);
			name = "EditablePropertyTests-iOS";
			productName = "EditableProperty-iOSTests";
			productReference = D8D608AE1B2FCB7F0068D35B /* EditablePropertyTests-iOS.xctest */;
			productType = "com.apple.product-type.bundle.unit-test";
		};
/* End PBXNativeTarget section */

/* Begin PBXProject section */
		D03A809C1AF36BD70047F5AE /* Project object */ = {
			isa = PBXProject;
			attributes = {
				LastSwiftMigration = 0700;
				LastSwiftUpdateCheck = 0700;
				LastUpgradeCheck = 0700;
				ORGANIZATIONNAME = ReactiveCocoa;
				TargetAttributes = {
					D03A80A41AF36BD70047F5AE = {
						CreatedOnToolsVersion = 6.3;
					};
					D03A80AF1AF36BD70047F5AE = {
						CreatedOnToolsVersion = 6.3;
					};
					D8D608A31B2FCB7E0068D35B = {
						CreatedOnToolsVersion = 6.3.2;
					};
					D8D608AD1B2FCB7F0068D35B = {
						CreatedOnToolsVersion = 6.3.2;
					};
				};
			};
			buildConfigurationList = D03A809F1AF36BD70047F5AE /* Build configuration list for PBXProject "EditableProperty" */;
			compatibilityVersion = "Xcode 3.2";
			developmentRegion = English;
			hasScannedForEncodings = 0;
			knownRegions = (
				en,
			);
			mainGroup = D03A809B1AF36BD70047F5AE;
			productRefGroup = D03A80A61AF36BD70047F5AE /* Products */;
			projectDirPath = "";
			projectRoot = "";
			targets = (
				D03A80A41AF36BD70047F5AE /* EditableProperty-Mac */,
				D03A80AF1AF36BD70047F5AE /* EditablePropertyTests-Mac */,
				D8D608A31B2FCB7E0068D35B /* EditableProperty-iOS */,
				D8D608AD1B2FCB7F0068D35B /* EditablePropertyTests-iOS */,
			);
		};
/* End PBXProject section */

/* Begin PBXResourcesBuildPhase section */
		D03A80A31AF36BD70047F5AE /* Resources */ = {
			isa = PBXResourcesBuildPhase;
			buildActionMask = 2147483647;
			files = (
			);
			runOnlyForDeploymentPostprocessing = 0;
		};
		D03A80AE1AF36BD70047F5AE /* Resources */ = {
			isa = PBXResourcesBuildPhase;
			buildActionMask = 2147483647;
			files = (
			);
			runOnlyForDeploymentPostprocessing = 0;
		};
		D8D608A21B2FCB7E0068D35B /* Resources */ = {
			isa = PBXResourcesBuildPhase;
			buildActionMask = 2147483647;
			files = (
			);
			runOnlyForDeploymentPostprocessing = 0;
		};
		D8D608AC1B2FCB7F0068D35B /* Resources */ = {
			isa = PBXResourcesBuildPhase;
			buildActionMask = 2147483647;
			files = (
			);
			runOnlyForDeploymentPostprocessing = 0;
		};
/* End PBXResourcesBuildPhase section */

/* Begin PBXSourcesBuildPhase section */
		D03A80A01AF36BD70047F5AE /* Sources */ = {
			isa = PBXSourcesBuildPhase;
			buildActionMask = 2147483647;
			files = (
				D00E598B1AF3FFA3000DAF8A /* Committed.swift in Sources */,
				D00E598C1AF3FFA3000DAF8A /* Editor.swift in Sources */,
				D03A80C21AF36BF10047F5AE /* EditableProperty.swift in Sources */,
			);
			runOnlyForDeploymentPostprocessing = 0;
		};
		D03A80AC1AF36BD70047F5AE /* Sources */ = {
			isa = PBXSourcesBuildPhase;
			buildActionMask = 2147483647;
			files = (
				D00E59901AF404E5000DAF8A /* EditablePropertySpec.swift in Sources */,
			);
			runOnlyForDeploymentPostprocessing = 0;
		};
		D8D6089F1B2FCB7E0068D35B /* Sources */ = {
			isa = PBXSourcesBuildPhase;
			buildActionMask = 2147483647;
			files = (
				D8D608CB1B2FCCE50068D35B /* Editor.swift in Sources */,
				D8D608CA1B2FCCE50068D35B /* Committed.swift in Sources */,
				D8D608CC1B2FCCE50068D35B /* EditableProperty.swift in Sources */,
			);
			runOnlyForDeploymentPostprocessing = 0;
		};
		D8D608AA1B2FCB7F0068D35B /* Sources */ = {
			isa = PBXSourcesBuildPhase;
			buildActionMask = 2147483647;
			files = (
				D8D608D01B2FCD020068D35B /* EditablePropertySpec.swift in Sources */,
			);
			runOnlyForDeploymentPostprocessing = 0;
		};
/* End PBXSourcesBuildPhase section */

/* Begin PBXTargetDependency section */
		D03A80B31AF36BD70047F5AE /* PBXTargetDependency */ = {
			isa = PBXTargetDependency;
			target = D03A80A41AF36BD70047F5AE /* EditableProperty-Mac */;
			targetProxy = D03A80B21AF36BD70047F5AE /* PBXContainerItemProxy */;
		};
		D8D608B11B2FCB7F0068D35B /* PBXTargetDependency */ = {
			isa = PBXTargetDependency;
			target = D8D608A31B2FCB7E0068D35B /* EditableProperty-iOS */;
			targetProxy = D8D608B01B2FCB7F0068D35B /* PBXContainerItemProxy */;
		};
/* End PBXTargetDependency section */

/* Begin XCBuildConfiguration section */
		D03A80B91AF36BD70047F5AE /* Debug */ = {
			isa = XCBuildConfiguration;
			baseConfigurationReference = D03A80C71AF36BFC0047F5AE /* Debug.xcconfig */;
			buildSettings = {
				CURRENT_PROJECT_VERSION = 1;
				ENABLE_TESTABILITY = YES;
				GCC_NO_COMMON_BLOCKS = YES;
				IPHONEOS_DEPLOYMENT_TARGET = 8.0;
				MACOSX_DEPLOYMENT_TARGET = 10.9;
				ONLY_ACTIVE_ARCH = YES;
				VERSIONING_SYSTEM = "apple-generic";
				VERSION_INFO_PREFIX = "";
			};
			name = Debug;
		};
		D03A80BA1AF36BD70047F5AE /* Release */ = {
			isa = XCBuildConfiguration;
			baseConfigurationReference = D03A80C91AF36BFC0047F5AE /* Release.xcconfig */;
			buildSettings = {
				CURRENT_PROJECT_VERSION = 1;
				GCC_NO_COMMON_BLOCKS = YES;
				IPHONEOS_DEPLOYMENT_TARGET = 8.0;
				MACOSX_DEPLOYMENT_TARGET = 10.9;
				VERSIONING_SYSTEM = "apple-generic";
				VERSION_INFO_PREFIX = "";
			};
			name = Release;
		};
		D03A80BC1AF36BD70047F5AE /* Debug */ = {
			isa = XCBuildConfiguration;
			baseConfigurationReference = D03A80E41AF36BFC0047F5AE /* Mac-Framework.xcconfig */;
			buildSettings = {
				APPLICATION_EXTENSION_API_ONLY = YES;
				DYLIB_COMPATIBILITY_VERSION = 1;
				DYLIB_CURRENT_VERSION = 1;
				FRAMEWORK_SEARCH_PATHS = (
					"$(inherited)",
					Carthage/Build/Mac,
					"$(PROJECT_DIR)/Carthage/Build/Mac",
				);
				FRAMEWORK_VERSION = A;
				INFOPLIST_FILE = EditableProperty/Info.plist;
				PRODUCT_BUNDLE_IDENTIFIER = "org.ReactiveCocoa.$(PRODUCT_NAME:rfc1034identifier)";
				PRODUCT_NAME = "$(PROJECT_NAME)";
			};
			name = Debug;
		};
		D03A80BD1AF36BD70047F5AE /* Release */ = {
			isa = XCBuildConfiguration;
			baseConfigurationReference = D03A80E41AF36BFC0047F5AE /* Mac-Framework.xcconfig */;
			buildSettings = {
				APPLICATION_EXTENSION_API_ONLY = YES;
				DYLIB_COMPATIBILITY_VERSION = 1;
				DYLIB_CURRENT_VERSION = 1;
				FRAMEWORK_SEARCH_PATHS = (
					"$(inherited)",
					Carthage/Build/Mac,
					"$(PROJECT_DIR)/Carthage/Build/Mac",
				);
				FRAMEWORK_VERSION = A;
				INFOPLIST_FILE = EditableProperty/Info.plist;
				PRODUCT_BUNDLE_IDENTIFIER = "org.ReactiveCocoa.$(PRODUCT_NAME:rfc1034identifier)";
				PRODUCT_NAME = "$(PROJECT_NAME)";
			};
			name = Release;
		};
		D03A80BF1AF36BD70047F5AE /* Debug */ = {
			isa = XCBuildConfiguration;
			baseConfigurationReference = D03A80E11AF36BFC0047F5AE /* Mac-Application.xcconfig */;
			buildSettings = {
				CLANG_ENABLE_MODULES = YES;
				FRAMEWORK_SEARCH_PATHS = (
					"$(DEVELOPER_FRAMEWORKS_DIR)",
					"$(inherited)",
					Carthage/Build/Mac,
				);
				INFOPLIST_FILE = EditablePropertyTests/Info.plist;
				LD_RUNPATH_SEARCH_PATHS = "$(inherited) @executable_path/../Frameworks @loader_path/../Frameworks";
				PRODUCT_BUNDLE_IDENTIFIER = "org.ReactiveCocoa.$(PRODUCT_NAME:rfc1034identifier)";
				PRODUCT_NAME = "$(TARGET_NAME)";
				SWIFT_OPTIMIZATION_LEVEL = "-Onone";
			};
			name = Debug;
		};
		D03A80C01AF36BD70047F5AE /* Release */ = {
			isa = XCBuildConfiguration;
			baseConfigurationReference = D03A80E11AF36BFC0047F5AE /* Mac-Application.xcconfig */;
			buildSettings = {
				CLANG_ENABLE_MODULES = YES;
				FRAMEWORK_SEARCH_PATHS = (
					"$(DEVELOPER_FRAMEWORKS_DIR)",
					"$(inherited)",
					Carthage/Build/Mac,
				);
				INFOPLIST_FILE = EditablePropertyTests/Info.plist;
				LD_RUNPATH_SEARCH_PATHS = "$(inherited) @executable_path/../Frameworks @loader_path/../Frameworks";
				PRODUCT_BUNDLE_IDENTIFIER = "org.ReactiveCocoa.$(PRODUCT_NAME:rfc1034identifier)";
				PRODUCT_NAME = "$(TARGET_NAME)";
			};
			name = Release;
		};
		D03A80EF1AF36C2D0047F5AE /* Profile */ = {
			isa = XCBuildConfiguration;
			baseConfigurationReference = D03A80C81AF36BFC0047F5AE /* Profile.xcconfig */;
			buildSettings = {
				CURRENT_PROJECT_VERSION = 1;
				GCC_NO_COMMON_BLOCKS = YES;
				IPHONEOS_DEPLOYMENT_TARGET = 8.0;
				MACOSX_DEPLOYMENT_TARGET = 10.9;
				VERSIONING_SYSTEM = "apple-generic";
				VERSION_INFO_PREFIX = "";
			};
			name = Profile;
		};
		D03A80F01AF36C2D0047F5AE /* Profile */ = {
			isa = XCBuildConfiguration;
			baseConfigurationReference = D03A80E41AF36BFC0047F5AE /* Mac-Framework.xcconfig */;
			buildSettings = {
				APPLICATION_EXTENSION_API_ONLY = YES;
				DYLIB_COMPATIBILITY_VERSION = 1;
				DYLIB_CURRENT_VERSION = 1;
				FRAMEWORK_SEARCH_PATHS = (
					"$(inherited)",
					Carthage/Build/Mac,
					"$(PROJECT_DIR)/Carthage/Build/Mac",
				);
				FRAMEWORK_VERSION = A;
				INFOPLIST_FILE = EditableProperty/Info.plist;
				PRODUCT_BUNDLE_IDENTIFIER = "org.ReactiveCocoa.$(PRODUCT_NAME:rfc1034identifier)";
				PRODUCT_NAME = "$(PROJECT_NAME)";
			};
			name = Profile;
		};
		D03A80F11AF36C2D0047F5AE /* Profile */ = {
			isa = XCBuildConfiguration;
			baseConfigurationReference = D03A80E11AF36BFC0047F5AE /* Mac-Application.xcconfig */;
			buildSettings = {
				CLANG_ENABLE_MODULES = YES;
				FRAMEWORK_SEARCH_PATHS = (
					"$(DEVELOPER_FRAMEWORKS_DIR)",
					"$(inherited)",
					Carthage/Build/Mac,
				);
				INFOPLIST_FILE = EditablePropertyTests/Info.plist;
				LD_RUNPATH_SEARCH_PATHS = "$(inherited) @executable_path/../Frameworks @loader_path/../Frameworks";
				PRODUCT_BUNDLE_IDENTIFIER = "org.ReactiveCocoa.$(PRODUCT_NAME:rfc1034identifier)";
				PRODUCT_NAME = "$(TARGET_NAME)";
			};
			name = Profile;
		};
		D03A80F21AF36C310047F5AE /* Test */ = {
			isa = XCBuildConfiguration;
			baseConfigurationReference = D03A80CA1AF36BFC0047F5AE /* Test.xcconfig */;
			buildSettings = {
				CURRENT_PROJECT_VERSION = 1;
				GCC_NO_COMMON_BLOCKS = YES;
				IPHONEOS_DEPLOYMENT_TARGET = 8.0;
				MACOSX_DEPLOYMENT_TARGET = 10.9;
				VERSIONING_SYSTEM = "apple-generic";
				VERSION_INFO_PREFIX = "";
			};
			name = Test;
		};
		D03A80F31AF36C310047F5AE /* Test */ = {
			isa = XCBuildConfiguration;
			baseConfigurationReference = D03A80E41AF36BFC0047F5AE /* Mac-Framework.xcconfig */;
			buildSettings = {
				APPLICATION_EXTENSION_API_ONLY = YES;
				DYLIB_COMPATIBILITY_VERSION = 1;
				DYLIB_CURRENT_VERSION = 1;
				FRAMEWORK_SEARCH_PATHS = (
					"$(inherited)",
					Carthage/Build/Mac,
					"$(PROJECT_DIR)/Carthage/Build/Mac",
				);
				FRAMEWORK_VERSION = A;
				INFOPLIST_FILE = EditableProperty/Info.plist;
				PRODUCT_BUNDLE_IDENTIFIER = "org.ReactiveCocoa.$(PRODUCT_NAME:rfc1034identifier)";
				PRODUCT_NAME = "$(PROJECT_NAME)";
			};
			name = Test;
		};
		D03A80F41AF36C310047F5AE /* Test */ = {
			isa = XCBuildConfiguration;
			baseConfigurationReference = D03A80E11AF36BFC0047F5AE /* Mac-Application.xcconfig */;
			buildSettings = {
				CLANG_ENABLE_MODULES = YES;
				FRAMEWORK_SEARCH_PATHS = (
					"$(DEVELOPER_FRAMEWORKS_DIR)",
					"$(inherited)",
					Carthage/Build/Mac,
				);
				INFOPLIST_FILE = EditablePropertyTests/Info.plist;
				LD_RUNPATH_SEARCH_PATHS = "$(inherited) @executable_path/../Frameworks @loader_path/../Frameworks";
				PRODUCT_BUNDLE_IDENTIFIER = "org.ReactiveCocoa.$(PRODUCT_NAME:rfc1034identifier)";
				PRODUCT_NAME = "$(TARGET_NAME)";
				SWIFT_OPTIMIZATION_LEVEL = "-Onone";
			};
			name = Test;
		};
		D8D608B81B2FCB7F0068D35B /* Debug */ = {
			isa = XCBuildConfiguration;
			baseConfigurationReference = D03A80DE1AF36BFC0047F5AE /* iOS-Framework.xcconfig */;
			buildSettings = {
				APPLICATION_EXTENSION_API_ONLY = YES;
				"CODE_SIGN_IDENTITY[sdk=iphoneos*]" = "iPhone Developer";
				DYLIB_COMPATIBILITY_VERSION = 1;
				DYLIB_CURRENT_VERSION = 1;
				FRAMEWORK_SEARCH_PATHS = (
					"$(inherited)",
					"$(PROJECT_DIR)/Carthage/Build/iOS",
				);
				INFOPLIST_FILE = "$(SRCROOT)/EditableProperty/Info.plist";
				LD_RUNPATH_SEARCH_PATHS = "$(inherited) @executable_path/Frameworks @loader_path/Frameworks";
				PRODUCT_BUNDLE_IDENTIFIER = "org.ReactiveCocoa.$(PRODUCT_NAME:rfc1034identifier)";
				PRODUCT_NAME = "$(PROJECT_NAME)";
			};
			name = Debug;
		};
		D8D608B91B2FCB7F0068D35B /* Test */ = {
			isa = XCBuildConfiguration;
			baseConfigurationReference = D03A80DE1AF36BFC0047F5AE /* iOS-Framework.xcconfig */;
			buildSettings = {
				APPLICATION_EXTENSION_API_ONLY = YES;
				"CODE_SIGN_IDENTITY[sdk=iphoneos*]" = "iPhone Developer";
				DYLIB_COMPATIBILITY_VERSION = 1;
				DYLIB_CURRENT_VERSION = 1;
				FRAMEWORK_SEARCH_PATHS = (
					"$(inherited)",
					"$(PROJECT_DIR)/Carthage/Build/iOS",
				);
				INFOPLIST_FILE = "$(SRCROOT)/EditableProperty/Info.plist";
				LD_RUNPATH_SEARCH_PATHS = "$(inherited) @executable_path/Frameworks @loader_path/Frameworks";
				PRODUCT_BUNDLE_IDENTIFIER = "org.ReactiveCocoa.$(PRODUCT_NAME:rfc1034identifier)";
				PRODUCT_NAME = "$(PROJECT_NAME)";
			};
			name = Test;
		};
		D8D608BA1B2FCB7F0068D35B /* Release */ = {
			isa = XCBuildConfiguration;
			baseConfigurationReference = D03A80DE1AF36BFC0047F5AE /* iOS-Framework.xcconfig */;
			buildSettings = {
				APPLICATION_EXTENSION_API_ONLY = YES;
				"CODE_SIGN_IDENTITY[sdk=iphoneos*]" = "iPhone Developer";
				DYLIB_COMPATIBILITY_VERSION = 1;
				DYLIB_CURRENT_VERSION = 1;
				FRAMEWORK_SEARCH_PATHS = (
					"$(inherited)",
					"$(PROJECT_DIR)/Carthage/Build/iOS",
				);
				INFOPLIST_FILE = "$(SRCROOT)/EditableProperty/Info.plist";
				LD_RUNPATH_SEARCH_PATHS = "$(inherited) @executable_path/Frameworks @loader_path/Frameworks";
				PRODUCT_BUNDLE_IDENTIFIER = "org.ReactiveCocoa.$(PRODUCT_NAME:rfc1034identifier)";
				PRODUCT_NAME = "$(PROJECT_NAME)";
			};
			name = Release;
		};
		D8D608BB1B2FCB7F0068D35B /* Profile */ = {
			isa = XCBuildConfiguration;
			baseConfigurationReference = D03A80DE1AF36BFC0047F5AE /* iOS-Framework.xcconfig */;
			buildSettings = {
				APPLICATION_EXTENSION_API_ONLY = YES;
				"CODE_SIGN_IDENTITY[sdk=iphoneos*]" = "iPhone Developer";
				DYLIB_COMPATIBILITY_VERSION = 1;
				DYLIB_CURRENT_VERSION = 1;
				FRAMEWORK_SEARCH_PATHS = (
					"$(inherited)",
					"$(PROJECT_DIR)/Carthage/Build/iOS",
				);
				INFOPLIST_FILE = "$(SRCROOT)/EditableProperty/Info.plist";
				LD_RUNPATH_SEARCH_PATHS = "$(inherited) @executable_path/Frameworks @loader_path/Frameworks";
				PRODUCT_BUNDLE_IDENTIFIER = "org.ReactiveCocoa.$(PRODUCT_NAME:rfc1034identifier)";
				PRODUCT_NAME = "$(PROJECT_NAME)";
			};
			name = Profile;
		};
		D8D608BD1B2FCB7F0068D35B /* Debug */ = {
			isa = XCBuildConfiguration;
			baseConfigurationReference = D03A80DC1AF36BFC0047F5AE /* iOS-Application.xcconfig */;
			buildSettings = {
				FRAMEWORK_SEARCH_PATHS = (
					"$(SDKROOT)/Developer/Library/Frameworks",
					"$(inherited)",
					"$(PROJECT_DIR)/Carthage/Build/iOS",
				);
				INFOPLIST_FILE = EditablePropertyTests/Info.plist;
				LD_RUNPATH_SEARCH_PATHS = "$(inherited) @executable_path/Frameworks @loader_path/Frameworks";
				PRODUCT_BUNDLE_IDENTIFIER = "org.ReactiveCocoa.$(PRODUCT_NAME:rfc1034identifier)";
				PRODUCT_NAME = "$(TARGET_NAME)";
			};
			name = Debug;
		};
		D8D608BE1B2FCB7F0068D35B /* Test */ = {
			isa = XCBuildConfiguration;
			baseConfigurationReference = D03A80DC1AF36BFC0047F5AE /* iOS-Application.xcconfig */;
			buildSettings = {
				FRAMEWORK_SEARCH_PATHS = (
					"$(SDKROOT)/Developer/Library/Frameworks",
					"$(inherited)",
					"$(PROJECT_DIR)/Carthage/Build/iOS",
				);
				INFOPLIST_FILE = EditablePropertyTests/Info.plist;
				LD_RUNPATH_SEARCH_PATHS = "$(inherited) @executable_path/Frameworks @loader_path/Frameworks";
				PRODUCT_BUNDLE_IDENTIFIER = "org.ReactiveCocoa.$(PRODUCT_NAME:rfc1034identifier)";
				PRODUCT_NAME = "$(TARGET_NAME)";
			};
			name = Test;
		};
		D8D608BF1B2FCB7F0068D35B /* Release */ = {
			isa = XCBuildConfiguration;
			baseConfigurationReference = D03A80DC1AF36BFC0047F5AE /* iOS-Application.xcconfig */;
			buildSettings = {
				FRAMEWORK_SEARCH_PATHS = (
					"$(SDKROOT)/Developer/Library/Frameworks",
					"$(inherited)",
					"$(PROJECT_DIR)/Carthage/Build/iOS",
				);
				INFOPLIST_FILE = EditablePropertyTests/Info.plist;
				LD_RUNPATH_SEARCH_PATHS = "$(inherited) @executable_path/Frameworks @loader_path/Frameworks";
				PRODUCT_BUNDLE_IDENTIFIER = "org.ReactiveCocoa.$(PRODUCT_NAME:rfc1034identifier)";
				PRODUCT_NAME = "$(TARGET_NAME)";
			};
			name = Release;
		};
		D8D608C01B2FCB7F0068D35B /* Profile */ = {
			isa = XCBuildConfiguration;
			baseConfigurationReference = D03A80E11AF36BFC0047F5AE /* Mac-Application.xcconfig */;
			buildSettings = {
				FRAMEWORK_SEARCH_PATHS = (
					"$(SDKROOT)/Developer/Library/Frameworks",
					"$(inherited)",
					"$(PROJECT_DIR)/Carthage/Build/iOS",
				);
				INFOPLIST_FILE = EditablePropertyTests/Info.plist;
				LD_RUNPATH_SEARCH_PATHS = "$(inherited) @executable_path/Frameworks @loader_path/Frameworks";
				PRODUCT_BUNDLE_IDENTIFIER = "org.ReactiveCocoa.$(PRODUCT_NAME:rfc1034identifier)";
				PRODUCT_NAME = "$(TARGET_NAME)";
			};
			name = Profile;
		};
/* End XCBuildConfiguration section */

/* Begin XCConfigurationList section */
		D03A809F1AF36BD70047F5AE /* Build configuration list for PBXProject "EditableProperty" */ = {
			isa = XCConfigurationList;
			buildConfigurations = (
				D03A80B91AF36BD70047F5AE /* Debug */,
				D03A80F21AF36C310047F5AE /* Test */,
				D03A80BA1AF36BD70047F5AE /* Release */,
				D03A80EF1AF36C2D0047F5AE /* Profile */,
			);
			defaultConfigurationIsVisible = 0;
			defaultConfigurationName = Release;
		};
		D03A80BB1AF36BD70047F5AE /* Build configuration list for PBXNativeTarget "EditableProperty-Mac" */ = {
			isa = XCConfigurationList;
			buildConfigurations = (
				D03A80BC1AF36BD70047F5AE /* Debug */,
				D03A80F31AF36C310047F5AE /* Test */,
				D03A80BD1AF36BD70047F5AE /* Release */,
				D03A80F01AF36C2D0047F5AE /* Profile */,
			);
			defaultConfigurationIsVisible = 0;
			defaultConfigurationName = Release;
		};
		D03A80BE1AF36BD70047F5AE /* Build configuration list for PBXNativeTarget "EditablePropertyTests-Mac" */ = {
			isa = XCConfigurationList;
			buildConfigurations = (
				D03A80BF1AF36BD70047F5AE /* Debug */,
				D03A80F41AF36C310047F5AE /* Test */,
				D03A80C01AF36BD70047F5AE /* Release */,
				D03A80F11AF36C2D0047F5AE /* Profile */,
			);
			defaultConfigurationIsVisible = 0;
			defaultConfigurationName = Release;
		};
		D8D608B71B2FCB7F0068D35B /* Build configuration list for PBXNativeTarget "EditableProperty-iOS" */ = {
			isa = XCConfigurationList;
			buildConfigurations = (
				D8D608B81B2FCB7F0068D35B /* Debug */,
				D8D608B91B2FCB7F0068D35B /* Test */,
				D8D608BA1B2FCB7F0068D35B /* Release */,
				D8D608BB1B2FCB7F0068D35B /* Profile */,
			);
			defaultConfigurationIsVisible = 0;
			defaultConfigurationName = Release;
		};
		D8D608BC1B2FCB7F0068D35B /* Build configuration list for PBXNativeTarget "EditablePropertyTests-iOS" */ = {
			isa = XCConfigurationList;
			buildConfigurations = (
				D8D608BD1B2FCB7F0068D35B /* Debug */,
				D8D608BE1B2FCB7F0068D35B /* Test */,
				D8D608BF1B2FCB7F0068D35B /* Release */,
				D8D608C01B2FCB7F0068D35B /* Profile */,
			);
			defaultConfigurationIsVisible = 0;
			defaultConfigurationName = Release;
		};
/* End XCConfigurationList section */
	};
	rootObject = D03A809C1AF36BD70047F5AE /* Project object */;
}
